
Microsoft Visual Studio Solution File, Format Version 12.00
# Visual Studio 14
VisualStudioVersion = 14.0.23107.0
MinimumVisualStudioVersion = 10.0.40219.1
Project("{FAE04EC0-301F-11D3-BF4B-00C04F79EFBC}") = "Redists", "src\Redists\Redists.csproj", "{F074FD5A-5378-4060-9EBF-3EF4BD713E5D}"
EndProject
Project("{2150E333-8FDC-42A3-9474-1A3956D46DE8}") = "src", "src", "{0EC6A16C-C03D-4C08-AAAC-26D8DF6895E3}"
EndProject
Project("{2150E333-8FDC-42A3-9474-1A3956D46DE8}") = "test", "test", "{14B72670-5656-4CC0-B340-8CD0B0FAC4B8}"
EndProject
Project("{FAE04EC0-301F-11D3-BF4B-00C04F79EFBC}") = "Redists.Test", "test\Redists.Test\Redists.Test.csproj", "{418C7E60-93CB-4616-96FE-137758AB3131}"
EndProject
Project("{2150E333-8FDC-42A3-9474-1A3956D46DE8}") = ".nuget", ".nuget", "{4972B1D2-2043-4BFD-917F-0111056BAE5B}"
	ProjectSection(SolutionItems) = preProject
		.nuget\packages.config = .nuget\packages.config
	EndProjectSection
EndProject
Project("{2150E333-8FDC-42A3-9474-1A3956D46DE8}") = "samples", "samples", "{3B7B55C5-C2BA-4294-80F9-3E2EBEE3111E}"
EndProject
Project("{FAE04EC0-301F-11D3-BF4B-00C04F79EFBC}") = "Redists.Benchmarks", "samples\Redists.Benchmarks\Redists.Benchmarks.csproj", "{616CD123-C4B0-4A9A-B3B7-C428C343A508}"
EndProject
Global
	GlobalSection(SolutionConfigurationPlatforms) = preSolution
		Debug|Any CPU = Debug|Any CPU
		Release|Any CPU = Release|Any CPU
	EndGlobalSection
	GlobalSection(ProjectConfigurationPlatforms) = postSolution
		{F074FD5A-5378-4060-9EBF-3EF4BD713E5D}.Debug|Any CPU.ActiveCfg = Debug|Any CPU
		{F074FD5A-5378-4060-9EBF-3EF4BD713E5D}.Debug|Any CPU.Build.0 = Debug|Any CPU
		{F074FD5A-5378-4060-9EBF-3EF4BD713E5D}.Release|Any CPU.ActiveCfg = Release|Any CPU
		{F074FD5A-5378-4060-9EBF-3EF4BD713E5D}.Release|Any CPU.Build.0 = Release|Any CPU
		{418C7E60-93CB-4616-96FE-137758AB3131}.Debug|Any CPU.ActiveCfg = Debug|Any CPU
		{418C7E60-93CB-4616-96FE-137758AB3131}.Debug|Any CPU.Build.0 = Debug|Any CPU
		{418C7E60-93CB-4616-96FE-137758AB3131}.Release|Any CPU.ActiveCfg = Release|Any CPU
		{418C7E60-93CB-4616-96FE-137758AB3131}.Release|Any CPU.Build.0 = Release|Any CPU
		{616CD123-C4B0-4A9A-B3B7-C428C343A508}.Debug|Any CPU.ActiveCfg = Debug|Any CPU
		{616CD123-C4B0-4A9A-B3B7-C428C343A508}.Debug|Any CPU.Build.0 = Debug|Any CPU
		{616CD123-C4B0-4A9A-B3B7-C428C343A508}.Release|Any CPU.ActiveCfg = Release|Any CPU
		{616CD123-C4B0-4A9A-B3B7-C428C343A508}.Release|Any CPU.Build.0 = Release|Any CPU
	EndGlobalSection
	GlobalSection(SolutionProperties) = preSolution
		HideSolutionNode = FALSE
	EndGlobalSection
	GlobalSection(NestedProjects) = preSolution
		{F074FD5A-5378-4060-9EBF-3EF4BD713E5D} = {0EC6A16C-C03D-4C08-AAAC-26D8DF6895E3}
		{418C7E60-93CB-4616-96FE-137758AB3131} = {14B72670-5656-4CC0-B340-8CD0B0FAC4B8}
		{616CD123-C4B0-4A9A-B3B7-C428C343A508} = {3B7B55C5-C2BA-4294-80F9-3E2EBEE3111E}
	EndGlobalSection
EndGlobal
